// !$*UTF8*$!
{
	archiveVersion = 1;
	classes = {
	};
	objectVersion = 46;
	objects = {

/* Begin PBXBuildFile section */
		928725E11B36E2EB00802931 /* ChannelController.swift in Sources */ = {isa = PBXBuildFile; fileRef = 928725E01B36E2EB00802931 /* ChannelController.swift */; };
		928725E31B36EBD000802931 /* HttpController.swift in Sources */ = {isa = PBXBuildFile; fileRef = 928725E21B36EBD000802931 /* HttpController.swift */; };
		92C5C5F71B36863000C26B47 /* AppDelegate.swift in Sources */ = {isa = PBXBuildFile; fileRef = 92C5C5F61B36863000C26B47 /* AppDelegate.swift */; };
		92C5C5F91B36863000C26B47 /* ViewController.swift in Sources */ = {isa = PBXBuildFile; fileRef = 92C5C5F81B36863000C26B47 /* ViewController.swift */; };
		92C5C5FC1B36863000C26B47 /* Main.storyboard in Resources */ = {isa = PBXBuildFile; fileRef = 92C5C5FA1B36863000C26B47 /* Main.storyboard */; };
		92C5C5FE1B36863000C26B47 /* Images.xcassets in Resources */ = {isa = PBXBuildFile; fileRef = 92C5C5FD1B36863000C26B47 /* Images.xcassets */; };
		92C5C6011B36863000C26B47 /* LaunchScreen.xib in Resources */ = {isa = PBXBuildFile; fileRef = 92C5C5FF1B36863000C26B47 /* LaunchScreen.xib */; };
		92C5C60D1B36863000C26B47 /* DBFMTests.swift in Sources */ = {isa = PBXBuildFile; fileRef = 92C5C60C1B36863000C26B47 /* DBFMTests.swift */; };
/* End PBXBuildFile section */

/* Begin PBXContainerItemProxy section */
		92C5C6071B36863000C26B47 /* PBXContainerItemProxy */ = {
			isa = PBXContainerItemProxy;
			containerPortal = 92C5C5E91B36863000C26B47 /* Project object */;
			proxyType = 1;
			remoteGlobalIDString = 92C5C5F01B36863000C26B47;
			remoteInfo = DBFM;
		};
/* End PBXContainerItemProxy section */

/* Begin PBXFileReference section */
		928725E01B36E2EB00802931 /* ChannelController.swift */ = {isa = PBXFileReference; fileEncoding = 4; lastKnownFileType = sourcecode.swift; path = ChannelController.swift; sourceTree = "<group>"; };
		928725E21B36EBD000802931 /* HttpController.swift */ = {isa = PBXFileReference; fileEncoding = 4; lastKnownFileType = sourcecode.swift; path = HttpController.swift; sourceTree = "<group>"; };
		92C5C5F11B36863000C26B47 /* DBFM.app */ = {isa = PBXFileReference; explicitFileType = wrapper.application; includeInIndex = 0; path = DBFM.app; sourceTree = BUILT_PRODUCTS_DIR; };
		92C5C5F51B36863000C26B47 /* Info.plist */ = {isa = PBXFileReference; lastKnownFileType = text.plist.xml; path = Info.plist; sourceTree = "<group>"; };
		92C5C5F61B36863000C26B47 /* AppDelegate.swift */ = {isa = PBXFileReference; lastKnownFileType = sourcecode.swift; path = AppDelegate.swift; sourceTree = "<group>"; };
		92C5C5F81B36863000C26B47 /* ViewController.swift */ = {isa = PBXFileReference; lastKnownFileType = sourcecode.swift; path = ViewController.swift; sourceTree = "<group>"; };
		92C5C5FB1B36863000C26B47 /* Base */ = {isa = PBXFileReference; lastKnownFileType = file.storyboard; name = Base; path = Base.lproj/Main.storyboard; sourceTree = "<group>"; };
		92C5C5FD1B36863000C26B47 /* Images.xcassets */ = {isa = PBXFileReference; lastKnownFileType = folder.assetcatalog; path = Images.xcassets; sourceTree = "<group>"; };
		92C5C6001B36863000C26B47 /* Base */ = {isa = PBXFileReference; lastKnownFileType = file.xib; name = Base; path = Base.lproj/LaunchScreen.xib; sourceTree = "<group>"; };
		92C5C6061B36863000C26B47 /* DBFMTests.xctest */ = {isa = PBXFileReference; explicitFileType = wrapper.cfbundle; includeInIndex = 0; path = DBFMTests.xctest; sourceTree = BUILT_PRODUCTS_DIR; };
		92C5C60B1B36863000C26B47 /* Info.plist */ = {isa = PBXFileReference; lastKnownFileType = text.plist.xml; path = Info.plist; sourceTree = "<group>"; };
		92C5C60C1B36863000C26B47 /* DBFMTests.swift */ = {isa = PBXFileReference; lastKnownFileType = sourcecode.swift; path = DBFMTests.swift; sourceTree = "<group>"; };
/* End PBXFileReference section */

/* Begin PBXFrameworksBuildPhase section */
		92C5C5EE1B36863000C26B47 /* Frameworks */ = {
			isa = PBXFrameworksBuildPhase;
			buildActionMask = 2147483647;
			files = (
			);
			runOnlyForDeploymentPostprocessing = 0;
		};
		92C5C6031B36863000C26B47 /* Frameworks */ = {
			isa = PBXFrameworksBuildPhase;
			buildActionMask = 2147483647;
			files = (
			);
			runOnlyForDeploymentPostprocessing = 0;
		};
/* End PBXFrameworksBuildPhase section */

/* Begin PBXGroup section */
		92C5C5E81B36863000C26B47 = {
			isa = PBXGroup;
			children = (
				92C5C5F31B36863000C26B47 /* DBFM */,
				92C5C6091B36863000C26B47 /* DBFMTests */,
				92C5C5F21B36863000C26B47 /* Products */,
			);
			sourceTree = "<group>";
		};
		92C5C5F21B36863000C26B47 /* Products */ = {
			isa = PBXGroup;
			children = (
				92C5C5F11B36863000C26B47 /* DBFM.app */,
				92C5C6061B36863000C26B47 /* DBFMTests.xctest */,
			);
			name = Products;
			sourceTree = "<group>";
		};
		92C5C5F31B36863000C26B47 /* DBFM */ = {
			isa = PBXGroup;
			children = (
				92C5C5F61B36863000C26B47 /* AppDelegate.swift */,
				92C5C5F81B36863000C26B47 /* ViewController.swift */,
				92C5C5FA1B36863000C26B47 /* Main.storyboard */,
				92C5C5FD1B36863000C26B47 /* Images.xcassets */,
				92C5C5FF1B36863000C26B47 /* LaunchScreen.xib */,
				92C5C5F41B36863000C26B47 /* Supporting Files */,
				928725E01B36E2EB00802931 /* ChannelController.swift */,
				928725E21B36EBD000802931 /* HttpController.swift */,
			);
			path = DBFM;
			sourceTree = "<group>";
		};
		92C5C5F41B36863000C26B47 /* Supporting Files */ = {
			isa = PBXGroup;
			children = (
				92C5C5F51B36863000C26B47 /* Info.plist */,
			);
			name = "Supporting Files";
			sourceTree = "<group>";
		};
		92C5C6091B36863000C26B47 /* DBFMTests */ = {
			isa = PBXGroup;
			children = (
				92C5C60C1B36863000C26B47 /* DBFMTests.swift */,
				92C5C60A1B36863000C26B47 /* Supporting Files */,
			);
			path = DBFMTests;
			sourceTree = "<group>";
		};
		92C5C60A1B36863000C26B47 /* Supporting Files */ = {
			isa = PBXGroup;
			children = (
				92C5C60B1B36863000C26B47 /* Info.plist */,
			);
			name = "Supporting Files";
			sourceTree = "<group>";
		};
/* End PBXGroup section */

/* Begin PBXNativeTarget section */
		92C5C5F01B36863000C26B47 /* DBFM */ = {
			isa = PBXNativeTarget;
			buildConfigurationList = 92C5C6101B36863000C26B47 /* Build configuration list for PBXNativeTarget "DBFM" */;
			buildPhases = (
				92C5C5ED1B36863000C26B47 /* Sources */,
				92C5C5EE1B36863000C26B47 /* Frameworks */,
				92C5C5EF1B36863000C26B47 /* Resources */,
			);
			buildRules = (
			);
			dependencies = (
			);
			name = DBFM;
			productName = DBFM;
			productReference = 92C5C5F11B36863000C26B47 /* DBFM.app */;
			productType = "com.apple.product-type.application";
		};
		92C5C6051B36863000C26B47 /* DBFMTests */ = {
			isa = PBXNativeTarget;
			buildConfigurationList = 92C5C6131B36863000C26B47 /* Build configuration list for PBXNativeTarget "DBFMTests" */;
			buildPhases = (
				92C5C6021B36863000C26B47 /* Sources */,
				92C5C6031B36863000C26B47 /* Frameworks */,
				92C5C6041B36863000C26B47 /* Resources */,
			);
			buildRules = (
			);
			dependencies = (
				92C5C6081B36863000C26B47 /* PBXTargetDependency */,
			);
			name = DBFMTests;
			productName = DBFMTests;
			productReference = 92C5C6061B36863000C26B47 /* DBFMTests.xctest */;
			productType = "com.apple.product-type.bundle.unit-test";
		};
/* End PBXNativeTarget section */

/* Begin PBXProject section */
		92C5C5E91B36863000C26B47 /* Project object */ = {
			isa = PBXProject;
			attributes = {
				LastUpgradeCheck = 0630;
				ORGANIZATIONNAME = "冰 刘";
				TargetAttributes = {
					92C5C5F01B36863000C26B47 = {
						CreatedOnToolsVersion = 6.3.2;
					};
					92C5C6051B36863000C26B47 = {
						CreatedOnToolsVersion = 6.3.2;
						TestTargetID = 92C5C5F01B36863000C26B47;
					};
				};
			};
			buildConfigurationList = 92C5C5EC1B36863000C26B47 /* Build configuration list for PBXProject "DBFM" */;
			compatibilityVersion = "Xcode 3.2";
			developmentRegion = English;
			hasScannedForEncodings = 0;
			knownRegions = (
				en,
				Base,
			);
			mainGroup = 92C5C5E81B36863000C26B47;
			productRefGroup = 92C5C5F21B36863000C26B47 /* Products */;
			projectDirPath = "";
			projectRoot = "";
			targets = (
				92C5C5F01B36863000C26B47 /* DBFM */,
				92C5C6051B36863000C26B47 /* DBFMTests */,
			);
		};
/* End PBXProject section */

/* Begin PBXResourcesBuildPhase section */
		92C5C5EF1B36863000C26B47 /* Resources */ = {
			isa = PBXResourcesBuildPhase;
			buildActionMask = 2147483647;
			files = (
				92C5C5FC1B36863000C26B47 /* Main.storyboard in Resources */,
				92C5C6011B36863000C26B47 /* LaunchScreen.xib in Resources */,
				92C5C5FE1B36863000C26B47 /* Images.xcassets in Resources */,
			);
			runOnlyForDeploymentPostprocessing = 0;
		};
		92C5C6041B36863000C26B47 /* Resources */ = {
			isa = PBXResourcesBuildPhase;
			buildActionMask = 2147483647;
			files = (
			);
			runOnlyForDeploymentPostprocessing = 0;
		};
/* End PBXResourcesBuildPhase section */

/* Begin PBXSourcesBuildPhase section */
		92C5C5ED1B36863000C26B47 /* Sources */ = {
			isa = PBXSourcesBuildPhase;
			buildActionMask = 2147483647;
			files = (
				92C5C5F91B36863000C26B47 /* ViewController.swift in Sources */,
				92C5C5F71B36863000C26B47 /* AppDelegate.swift in Sources */,
				928725E11B36E2EB00802931 /* ChannelController.swift in Sources */,
				928725E31B36EBD000802931 /* HttpController.swift in Sources */,
			);
			runOnlyForDeploymentPostprocessing = 0;
		};
		92C5C6021B36863000C26B47 /* Sources */ = {
			isa = PBXSourcesBuildPhase;
			buildActionMask = 2147483647;
			files = (
				92C5C60D1B36863000C26B47 /* DBFMTests.swift in Sources */,
			);
			runOnlyForDeploymentPostprocessing = 0;
		};
/* End PBXSourcesBuildPhase section */

/* Begin PBXTargetDependency section */
		92C5C6081B36863000C26B47 /* PBXTargetDependency */ = {
			isa = PBXTargetDependency;
			target = 92C5C5F01B36863000C26B47 /* DBFM */;
			targetProxy = 92C5C6071B36863000C26B47 /* PBXContainerItemProxy */;
		};
/* End PBXTargetDependency section */

/* Begin PBXVariantGroup section */
		92C5C5FA1B36863000C26B47 /* Main.storyboard */ = {
			isa = PBXVariantGroup;
			children = (
				92C5C5FB1B36863000C26B47 /* Base */,
			);
			name = Main.storyboard;
			sourceTree = "<group>";
		};
		92C5C5FF1B36863000C26B47 /* LaunchScreen.xib */ = {
			isa = PBXVariantGroup;
			children = (
				92C5C6001B36863000C26B47 /* Base */,
			);
			name = LaunchScreen.xib;
			sourceTree = "<group>";
		};
/* End PBXVariantGroup section */

/* Begin XCBuildConfiguration section */
		92C5C60E1B36863000C26B47 /* Debug */ = {
			isa = XCBuildConfiguration;
			buildSettings = {
				ALWAYS_SEARCH_USER_PATHS = NO;
				CLANG_CXX_LANGUAGE_STANDARD = "gnu++0x";
				CLANG_CXX_LIBRARY = "libc++";
				CLANG_ENABLE_MODULES = YES;
				CLANG_ENABLE_OBJC_ARC = YES;
				CLANG_WARN_BOOL_CONVERSION = YES;
				CLANG_WARN_CONSTANT_CONVERSION = YES;
				CLANG_WARN_DIRECT_OBJC_ISA_USAGE = YES_ERROR;
				CLANG_WARN_EMPTY_BODY = YES;
				CLANG_WARN_ENUM_CONVERSION = YES;
				CLANG_WARN_INT_CONVERSION = YES;
				CLANG_WARN_OBJC_ROOT_CLASS = YES_ERROR;
				CLANG_WARN_UNREACHABLE_CODE = YES;
				CLANG_WARN__DUPLICATE_METHOD_MATCH = YES;
				"CODE_SIGN_IDENTITY[sdk=iphoneos*]" = "iPhone Developer";
				COPY_PHASE_STRIP = NO;
				DEBUG_INFORMATION_FORMAT = "dwarf-with-dsym";
				ENABLE_STRICT_OBJC_MSGSEND = YES;
				GCC_C_LANGUAGE_STANDARD = gnu99;
				GCC_DYNAMIC_NO_PIC = NO;
				GCC_NO_COMMON_BLOCKS = YES;
				GCC_OPTIMIZATION_LEVEL = 0;
				GCC_PREPROCESSOR_DEFINITIONS = (
					"DEBUG=1",
					"$(inherited)",
				);
				GCC_SYMBOLS_PRIVATE_EXTERN = NO;
				GCC_WARN_64_TO_32_BIT_CONVERSION = YES;
				GCC_WARN_ABOUT_RETURN_TYPE = YES_ERROR;
				GCC_WARN_UNDECLARED_SELECTOR = YES;
				GCC_WARN_UNINITIALIZED_AUTOS = YES_AGGRESSIVE;
				GCC_WARN_UNUSED_FUNCTION = YES;
				GCC_WARN_UNUSED_VARIABLE = YES;
				IPHONEOS_DEPLOYMENT_TARGET = 8.3;
				MTL_ENABLE_DEBUG_INFO = YES;
				ONLY_ACTIVE_ARCH = YES;
				SDKROOT = iphoneos;
				SWIFT_OPTIMIZATION_LEVEL = "-Onone";
			};
			name = Debug;
		};
		92C5C60F1B36863000C26B47 /* Release */ = {
			isa = XCBuildConfiguration;
			buildSettings = {
				ALWAYS_SEARCH_USER_PATHS = NO;
				CLANG_CXX_LANGUAGE_STANDARD = "gnu++0x";
				CLANG_CXX_LIBRARY = "libc++";
				CLANG_ENABLE_MODULES = YES;
				CLANG_ENABLE_OBJC_ARC = YES;
				CLANG_WARN_BOOL_CONVERSION = YES;
				CLANG_WARN_CONSTANT_CONVERSION = YES;
				CLANG_WARN_DIRECT_OBJC_ISA_USAGE = YES_ERROR;
				CLANG_WARN_EMPTY_BODY = YES;
				CLANG_WARN_ENUM_CONVERSION = YES;
				CLANG_WARN_INT_CONVERSION = YES;
				CLANG_WARN_OBJC_ROOT_CLASS = YES_ERROR;
				CLANG_WARN_UNREACHABLE_CODE = YES;
				CLANG_WARN__DUPLICATE_METHOD_MATCH = YES;
				"CODE_SIGN_IDENTITY[sdk=iphoneos*]" = "iPhone Developer";
				COPY_PHASE_STRIP = NO;
				DEBUG_INFORMATION_FORMAT = "dwarf-with-dsym";
				ENABLE_NS_ASSERTIONS = NO;
				ENABLE_STRICT_OBJC_MSGSEND = YES;
				GCC_C_LANGUAGE_STANDARD = gnu99;
				GCC_NO_COMMON_BLOCKS = YES;
				GCC_WARN_64_TO_32_BIT_CONVERSION = YES;
				GCC_WARN_ABOUT_RETURN_TYPE = YES_ERROR;
				GCC_WARN_UNDECLARED_SELECTOR = YES;
				GCC_WARN_UNINITIALIZED_AUTOS = YES_AGGRESSIVE;
				GCC_WARN_UNUSED_FUNCTION = YES;
				GCC_WARN_UNUSED_VARIABLE = YES;
				IPHONEOS_DEPLOYMENT_TARGET = 8.3;
				MTL_ENABLE_DEBUG_INFO = NO;
				SDKROOT = iphoneos;
				VALIDATE_PRODUCT = YES;
			};
			name = Release;
		};
		92C5C6111B36863000C26B47 /* Debug */ = {
			isa = XCBuildConfiguration;
			buildSettings = {
				ASSETCATALOG_COMPILER_APPICON_NAME = AppIcon;
				INFOPLIST_FILE = DBFM/Info.plist;
				LD_RUNPATH_SEARCH_PATHS = "$(inherited) @executable_path/Frameworks";
				PRODUCT_NAME = "$(TARGET_NAME)";
			};
			name = Debug;
		};
		92C5C6121B36863000C26B47 /* Release */ = {
			isa = XCBuildConfiguration;
			buildSettings = {
				ASSETCATALOG_COMPILER_APPICON_NAME = AppIcon;
				INFOPLIST_FILE = DBFM/Info.plist;
				LD_RUNPATH_SEARCH_PATHS = "$(inherited) @executable_path/Frameworks";
				PRODUCT_NAME = "$(TARGET_NAME)";
			};
			name = Release;
		};
		92C5C6141B36863000C26B47 /* Debug */ = {
			isa = XCBuildConfiguration;
			buildSettings = {
				BUNDLE_LOADER = "$(TEST_HOST)";
				FRAMEWORK_SEARCH_PATHS = (
					"$(SDKROOT)/Developer/Library/Frameworks",
					"$(inherited)",
				);
				GCC_PREPROCESSOR_DEFINITIONS = (
					"DEBUG=1",
					"$(inherited)",
				);
				INFOPLIST_FILE = DBFMTests/Info.plist;
				LD_RUNPATH_SEARCH_PATHS = "$(inherited) @executable_path/Frameworks @loader_path/Frameworks";
				PRODUCT_NAME = "$(TARGET_NAME)";
				TEST_HOST = "$(BUILT_PRODUCTS_DIR)/DBFM.app/DBFM";
			};
			name = Debug;
		};
		92C5C6151B36863000C26B47 /* Release */ = {
			isa = XCBuildConfiguration;
			buildSettings = {
				BUNDLE_LOADER = "$(TEST_HOST)";
				FRAMEWORK_SEARCH_PATHS = (
					"$(SDKROOT)/Developer/Library/Frameworks",
					"$(inherited)",
				);
				INFOPLIST_FILE = DBFMTests/Info.plist;
				LD_RUNPATH_SEARCH_PATHS = "$(inherited) @executable_path/Frameworks @loader_path/Frameworks";
				PRODUCT_NAME = "$(TARGET_NAME)";
				TEST_HOST = "$(BUILT_PRODUCTS_DIR)/DBFM.app/DBFM";
			};
			name = Release;
		};
/* End XCBuildConfiguration section */

/* Begin XCConfigurationList section */
		92C5C5EC1B36863000C26B47 /* Build configuration list for PBXProject "DBFM" */ = {
			isa = XCConfigurationList;
			buildConfigurations = (
				92C5C60E1B36863000C26B47 /* Debug */,
				92C5C60F1B36863000C26B47 /* Release */,
			);
			defaultConfigurationIsVisible = 0;
			defaultConfigurationName = Release;
		};
		92C5C6101B36863000C26B47 /* Build configuration list for PBXNativeTarget "DBFM" */ = {
			isa = XCConfigurationList;
			buildConfigurations = (
				92C5C6111B36863000C26B47 /* Debug */,
				92C5C6121B36863000C26B47 /* Release */,
			);
			defaultConfigurationIsVisible = 0;
			defaultConfigurationName = Release;
		};
		92C5C6131B36863000C26B47 /* Build configuration list for PBXNativeTarget "DBFMTests" */ = {
			isa = XCConfigurationList;
			buildConfigurations = (
				92C5C6141B36863000C26B47 /* Debug */,
				92C5C6151B36863000C26B47 /* Release */,
			);
			defaultConfigurationIsVisible = 0;
			defaultConfigurationName = Release;
		};
/* End XCConfigurationList section */
	};
	rootObject = 92C5C5E91B36863000C26B47 /* Project object */;
}
